github.com/32bitkid/bitreader v1.0.1 h1:BlmpTTTL1us9nQ+EUh4M/r5/mY+j4JeC5qOCgL/08ms=
github.com/32bitkid/bitreader v1.0.1/go.mod h1:wiZHryiWx8YsSuS17YiR7Be4rz6FNxxQl/zs1eWJBMo=
github.com/32bitkid/mpeg v0.0.0-20180611234327-533afb480bd7 h1:F7DET60bj4hZInpkxf/ry24grmvXuOIQM1XmjIljdF4=
github.com/32bitkid/mpeg v0.0.0-20180611234327-533afb480bd7/go.mod h1:3hpZDH69IN4O69anKPS87Rw9bf8IMy28hdkjflJtm7s=
github.com/Pallinder/go-randomdata v1.2.0 h1:DZ41wBchNRb/0GfsePLiSwb0PHZmT67XY00lCDlaYPg=
github.com/Pallinder/go-randomdata v1.2.0/go.mod h1:yHmJgulpD2Nfrm0cR9tI/+oAgRqCQQixsA8HyRZfV9Y=
github.com/carterjones/gouzuru v0.0.0-20160725130400-95320cbb0110 h1:cu6l+kJt2qap/sATQYCr2K5iwHnAnSlKlV1gLI3UYZw=
github.com/carterjones/gouzuru v0.0.0-20160725130400-95320cbb0110/go.mod h1:OyytpVdMIQ4YTulfvFpUlH5I1MkeG11C9whVPlB0RQI=
github.com/davecgh/go-spew v1.1.1 h1:vj9j/u1bqnvCEfJOwUhtlOARqs3+rkHYY13jYWTU97c=
github.com/davecgh/go-spew v1.1.1/go.mod h1:J7Y8YcW2NihsgmVo/mv3lAwl/skON4iLHjSsI+c5H38=
github.com/felixge/httpsnoop v1.0.1 h1:lvB5Jl89CsZtGIWuTcDM1E/vkVs49/Ml7JJe07l8SPQ=
github.com/felixge/httpsnoop v1.0.1/go.mod h1:m8KPJKqk1gH5J9DgRY2ASl2lWCfGKXixSwevea8zH2U=
github.com/go-gl/mathgl v1.0.0 h1:t9DznWJlXxxjeeKLIdovCOVJQk/GzDEL7h/h+Ro2B68=
github.com/go-gl/mathgl v1.0.0/go.mod h1:yhpkQzEiH9yPyxDUGzkmgScbaBVlhC06qodikEM0ZwQ=
github.com/go-test/deep v1.0.1 h1:UQhStjbkDClarlmv0am7OXXO4/GaPdCGiUiMTvi28sg=
github.com/go-test/deep v1.0.1/go.mod h1:wGDj63lr65AM2AQyKZd/NYHGb0R+1RLqB8NKt3aSFNA=
github.com/gorilla/handlers v1.5.1 h1:9lRY6j8DEeeBT10CvO9hGW0gmky0BprnvDI5vfhUHH4=
github.com/gorilla/handlers v1.5.1/go.mod h1:t8XrUpc4KVXb7HGyJ4/cEnwQiaxrX/hz1Zv/4g96P1Q=
github.com/gorilla/mux v1.8.0 h1:i40aqfkR1h2SlN9hojwV5ZA91wcXFOvkdNIeFDP5koI=
github.com/gorilla/mux v1.8.0/go.mod h1:DVbg23sWSpFRCP0SfiEN6jmj59UnW/n46BH5rLB71So=
github.com/gorilla/websocket v1.5.0 h1:PPwGk2jz7EePpoHN/+ClbZu8SPxiqlu12wZP/3sWmnc=
github.com/gorilla/websocket v1.5.0/go.mod h1:YR8l580nyteQvAITg2hZ9XVh4b55+EU/adAjf1fMHhE=
github.com/mogaika/binrw v0.1.0 h1:BQ7kF9fY9AqXvLVIJ9uD7Dru39REInFFJira79mdaKs=
github.com/mogaika/binrw v0.1.0/go.mod h1:UCAsRh5BYfiMMloiY02kDu4OrLTRcm5xJq/qgqfgfyg=
github.com/mogaika/bmfont v0.0.0-20171214121832-6d9c75ddf4e8 h1:N9Qzynj5FPT27od75Zew+QIK1x3Y34w16RTgJXnSNlA=
github.com/mogaika/bmfont v0.0.0-20171214121832-6d9c75ddf4e8/go.mod h1:2v3/cqXVhD4gt1zsn4oJZNUhV8mmjagLO8OU/FQcjt0=
github.com/mogaika/fbx v0.1.0 h1:qdXHyeY026KJd0NCYH8mro4Fvv1IQwCdB0QzIw18RjM=
github.com/mogaika/fbx v0.1.0/go.mod h1:VxtbpwFElGasDXPB6btW3IDr9lJYqrdwncgRH/jkqys=
github.com/mogaika/go-collada v0.0.0-20130926211746-391129030388 h1:7qhT6wjVzEIwidJ8aIUei/+zxQej33i2HOuR/s1JX9c=
github.com/mogaika/go-collada v0.0.0-20130926211746-391129030388/go.mod h1:caSxxAbWGQLc9chTphWWa8W/f8aIrm4xS68urxCq5QA=
github.com/mogaika/udf v0.0.0-20171019171931-167f0ab01c73 h1:HpHNB68mF30LkUorpr7B22Xy0XwParP/n+AL0z4VlFc=
github.com/mogaika/udf v0.0.0-20171019171931-167f0ab01c73/go.mod h1:OVErfG87tRGCHZpQGO8pL4vDZuY0qr4blPOTR0go6e8=
github.com/pkg/errors v0.9.1 h1:FEBLx1zS214owpjy7qsBeixbURkuhQAwrK5UwLGTwt4=
github.com/pkg/errors v0.9.1/go.mod h1:bwawxfHBFNV+L2hUp1rHADufV3IMtnDRdf1r5NINEl0=
github.com/qmuntal/gltf v0.23.1 h1:R8vkbJXmARbD/oI+Yn3252I2qDQ8mljsc88BJJEdYMY=
github.com/qmuntal/gltf v0.23.1/go.mod h1:7FR0CRHoOehIgKTBVq/QVyvPn0i6tzp2AdIghb2bPg4=
github.com/timtadh/data-structures v0.6.1 h1:76eDpwngj2rEi9r/qvdH6YL7wMXGsoFFzhEylo/IacA=
github.com/timtadh/data-structures v0.6.1/go.mod h1:uYUnI1cQi/5yMCc7s23I+x8Mn8BCMf4WgK+7/4QSEk4=
github.com/timtadh/getopt v1.0.0/go.mod h1:L3EL6YN2G0eIAhYBo9b7SB9d/kEQmdnwthIlMJfj210=
github.com/timtadh/lexmachine v0.2.3 h1:ZqlfHnfMcAygtbNM5Gv7jQf8hmM8LfVzDjfCrq235NQ=
github.com/timtadh/lexmachine v0.2.3/go.mod h1:oK1NW+93fQSIF6s+J6sXBFWsCPCFbNmrwKV1i0aqvW0=
golang.org/x/image v0.0.0-20190321063152-3fc05d484e9f h1:FO4MZ3N56GnxbqxGKqh+YTzUWQ2sDwtFQEZgLOxh9Jc=
golang.org/x/image v0.0.0-20190321063152-3fc05d484e9f/go.mod h1:kZ7UVZpmo3dzQBMxlp+ypCbDeSB+sBbTgSJuh5dn5js=
golang.org/x/sys v0.0.0-20220722155257-8c9f86f7a55f h1:v4INt8xihDGvnrfjMDVXGxw9wrfxYyCjk0KbXjhR55s=
golang.org/x/sys v0.0.0-20220722155257-8c9f86f7a55f/go.mod h1:oPkhp1MJrh7nUepCBck5+mAzfO9JrbApNNgaTdGDITg=
golang.org/x/text v0.3.0/go.mod h1:NqM8EUOU14njkJ3fqMW+pc6Ldnwhi/IjpwHt7yyuwOQ=
golang.org/x/text v0.6.0 h1:3XmdazWV+ubf7QgHSTWeykHOci5oeekaGJBLkrkaw4k=
golang.org/x/text v0.6.0/go.mod h1:mrYo+phRRbMaCq/xk9113O4dZlRixOauAjOtrjsXDZ8=
gopkg.in/check.v1 v0.0.0-20161208181325-20d25e280405 h1:yhCVgyC4o1eVCa2tZl7eS0r+SDo693bJlVdllGtEeKM=
gopkg.in/check.v1 v0.0.0-20161208181325-20d25e280405/go.mod h1:Co6ibVJAznAaIkqp8huTwlJQCZ016jof/cbN4VW5Yz0=
gopkg.in/yaml.v3 v3.0.1 h1:fxVm/GzAzEWqLHuvctI91KS9hhNmmWOoWu0XTYJS7CA=
gopkg.in/yaml.v3 v3.0.1/go.mod h1:K4uyk7z7BCEPqu6E+C64Yfv1cQ7kz7rIZviUmN+EgEM=
